// !$*UTF8*$!
{
	archiveVersion = 1;
	classes = {
	};
	objectVersion = 56;
	objects = {

/* Begin PBXBuildFile section */
		2062CA51291E235D00B8970E /* main.swift in Sources */ = {isa = PBXBuildFile; fileRef = 2062CA4F291E235D00B8970E /* main.swift */; };
		2062CA52291E235D00B8970E /* PasswordChanger.swift in Sources */ = {isa = PBXBuildFile; fileRef = 2062CA50291E235D00B8970E /* PasswordChanger.swift */; };
		2062CA55291E237C00B8970E /* ChangePasswordViewModel.swift in Sources */ = {isa = PBXBuildFile; fileRef = 2062CA53291E237C00B8970E /* ChangePasswordViewModel.swift */; };
		2062CA56291E237C00B8970E /* ChangePasswordViewController.swift in Sources */ = {isa = PBXBuildFile; fileRef = 2062CA54291E237C00B8970E /* ChangePasswordViewController.swift */; };
		20DD5EFA291E1E6200C9C635 /* AppDelegate.swift in Sources */ = {isa = PBXBuildFile; fileRef = 20DD5EF9291E1E6200C9C635 /* AppDelegate.swift */; };
		20DD5EFC291E1E6200C9C635 /* SceneDelegate.swift in Sources */ = {isa = PBXBuildFile; fileRef = 20DD5EFB291E1E6200C9C635 /* SceneDelegate.swift */; };
		20DD5EFE291E1E6200C9C635 /* ViewController.swift in Sources */ = {isa = PBXBuildFile; fileRef = 20DD5EFD291E1E6200C9C635 /* ViewController.swift */; };
		20DD5F01291E1E6200C9C635 /* Main.storyboard in Resources */ = {isa = PBXBuildFile; fileRef = 20DD5EFF291E1E6200C9C635 /* Main.storyboard */; };
		20DD5F03291E1E6300C9C635 /* Assets.xcassets in Resources */ = {isa = PBXBuildFile; fileRef = 20DD5F02291E1E6300C9C635 /* Assets.xcassets */; };
		20DD5F06291E1E6300C9C635 /* LaunchScreen.storyboard in Resources */ = {isa = PBXBuildFile; fileRef = 20DD5F04291E1E6300C9C635 /* LaunchScreen.storyboard */; };
		20DD5F2B291E1EC200C9C635 /* ViewControllerPresentationSpy in Frameworks */ = {isa = PBXBuildFile; productRef = 20DD5F2A291E1EC200C9C635 /* ViewControllerPresentationSpy */; };
		20DD5F2E291E1ED700C9C635 /* iOSSnapshotTestCase in Frameworks */ = {isa = PBXBuildFile; productRef = 20DD5F2D291E1ED700C9C635 /* iOSSnapshotTestCase */; };
		20DD5F42291E1FFA00C9C635 /* TestingAppDelegate.swift in Sources */ = {isa = PBXBuildFile; fileRef = 20DD5F3F291E1FFA00C9C635 /* TestingAppDelegate.swift */; };
		20DD5F43291E1FFA00C9C635 /* TestingRootViewController.swift in Sources */ = {isa = PBXBuildFile; fileRef = 20DD5F40291E1FFA00C9C635 /* TestingRootViewController.swift */; };
		20DD5F44291E1FFA00C9C635 /* TestingSceneDelegate.swift in Sources */ = {isa = PBXBuildFile; fileRef = 20DD5F41291E1FFA00C9C635 /* TestingSceneDelegate.swift */; };
		20DD5F47291E200D00C9C635 /* ButtonHelper.swift in Sources */ = {isa = PBXBuildFile; fileRef = 20DD5F45291E200D00C9C635 /* ButtonHelper.swift */; };
		20DD5F48291E200D00C9C635 /* TestHelpers.swift in Sources */ = {isa = PBXBuildFile; fileRef = 20DD5F46291E200D00C9C635 /* TestHelpers.swift */; };
		20DD5F4A291E202300C9C635 /* MockPasswordChanger.swift in Sources */ = {isa = PBXBuildFile; fileRef = 20DD5F49291E202300C9C635 /* MockPasswordChanger.swift */; };
		20DD5F4C291E204000C9C635 /* ChangePasswordViewControllerSnapshotTests.swift in Sources */ = {isa = PBXBuildFile; fileRef = 20DD5F4B291E204000C9C635 /* ChangePasswordViewControllerSnapshotTests.swift */; };
		20DD5F4F291E205100C9C635 /* ChangePasswordViewControllerTests.swift in Sources */ = {isa = PBXBuildFile; fileRef = 20DD5F4D291E205100C9C635 /* ChangePasswordViewControllerTests.swift */; };
		20DD5F50291E205100C9C635 /* AppLaunchTest.swift in Sources */ = {isa = PBXBuildFile; fileRef = 20DD5F4E291E205100C9C635 /* AppLaunchTest.swift */; };
/* End PBXBuildFile section */

/* Begin PBXContainerItemProxy section */
		20DD5F0D291E1E6300C9C635 /* PBXContainerItemProxy */ = {
			isa = PBXContainerItemProxy;
			containerPortal = 20DD5EEE291E1E6200C9C635 /* Project object */;
			proxyType = 1;
			remoteGlobalIDString = 20DD5EF5291E1E6200C9C635;
			remoteInfo = MVVM;
		};
/* End PBXContainerItemProxy section */

/* Begin PBXFileReference section */
		2062CA4F291E235D00B8970E /* main.swift */ = {isa = PBXFileReference; fileEncoding = 4; lastKnownFileType = sourcecode.swift; path = main.swift; sourceTree = "<group>"; };
		2062CA50291E235D00B8970E /* PasswordChanger.swift */ = {isa = PBXFileReference; fileEncoding = 4; lastKnownFileType = sourcecode.swift; path = PasswordChanger.swift; sourceTree = "<group>"; };
		2062CA53291E237C00B8970E /* ChangePasswordViewModel.swift */ = {isa = PBXFileReference; fileEncoding = 4; lastKnownFileType = sourcecode.swift; path = ChangePasswordViewModel.swift; sourceTree = "<group>"; };
		2062CA54291E237C00B8970E /* ChangePasswordViewController.swift */ = {isa = PBXFileReference; fileEncoding = 4; lastKnownFileType = sourcecode.swift; path = ChangePasswordViewController.swift; sourceTree = "<group>"; };
		20DD5EF6291E1E6200C9C635 /* MVVM.app */ = {isa = PBXFileReference; explicitFileType = wrapper.application; includeInIndex = 0; path = MVVM.app; sourceTree = BUILT_PRODUCTS_DIR; };
		20DD5EF9291E1E6200C9C635 /* AppDelegate.swift */ = {isa = PBXFileReference; lastKnownFileType = sourcecode.swift; path = AppDelegate.swift; sourceTree = "<group>"; };
		20DD5EFB291E1E6200C9C635 /* SceneDelegate.swift */ = {isa = PBXFileReference; lastKnownFileType = sourcecode.swift; path = SceneDelegate.swift; sourceTree = "<group>"; };
		20DD5EFD291E1E6200C9C635 /* ViewController.swift */ = {isa = PBXFileReference; lastKnownFileType = sourcecode.swift; path = ViewController.swift; sourceTree = "<group>"; };
		20DD5F00291E1E6200C9C635 /* Base */ = {isa = PBXFileReference; lastKnownFileType = file.storyboard; name = Base; path = Base.lproj/Main.storyboard; sourceTree = "<group>"; };
		20DD5F02291E1E6300C9C635 /* Assets.xcassets */ = {isa = PBXFileReference; lastKnownFileType = folder.assetcatalog; path = Assets.xcassets; sourceTree = "<group>"; };
		20DD5F05291E1E6300C9C635 /* Base */ = {isa = PBXFileReference; lastKnownFileType = file.storyboard; name = Base; path = Base.lproj/LaunchScreen.storyboard; sourceTree = "<group>"; };
		20DD5F07291E1E6300C9C635 /* Info.plist */ = {isa = PBXFileReference; lastKnownFileType = text.plist.xml; path = Info.plist; sourceTree = "<group>"; };
		20DD5F0C291E1E6300C9C635 /* MVVMTests.xctest */ = {isa = PBXFileReference; explicitFileType = wrapper.cfbundle; includeInIndex = 0; path = MVVMTests.xctest; sourceTree = BUILT_PRODUCTS_DIR; };
		20DD5F3F291E1FFA00C9C635 /* TestingAppDelegate.swift */ = {isa = PBXFileReference; fileEncoding = 4; lastKnownFileType = sourcecode.swift; path = TestingAppDelegate.swift; sourceTree = "<group>"; };
		20DD5F40291E1FFA00C9C635 /* TestingRootViewController.swift */ = {isa = PBXFileReference; fileEncoding = 4; lastKnownFileType = sourcecode.swift; path = TestingRootViewController.swift; sourceTree = "<group>"; };
		20DD5F41291E1FFA00C9C635 /* TestingSceneDelegate.swift */ = {isa = PBXFileReference; fileEncoding = 4; lastKnownFileType = sourcecode.swift; path = TestingSceneDelegate.swift; sourceTree = "<group>"; };
		20DD5F45291E200D00C9C635 /* ButtonHelper.swift */ = {isa = PBXFileReference; fileEncoding = 4; lastKnownFileType = sourcecode.swift; path = ButtonHelper.swift; sourceTree = "<group>"; };
		20DD5F46291E200D00C9C635 /* TestHelpers.swift */ = {isa = PBXFileReference; fileEncoding = 4; lastKnownFileType = sourcecode.swift; path = TestHelpers.swift; sourceTree = "<group>"; };
		20DD5F49291E202300C9C635 /* MockPasswordChanger.swift */ = {isa = PBXFileReference; fileEncoding = 4; lastKnownFileType = sourcecode.swift; path = MockPasswordChanger.swift; sourceTree = "<group>"; };
		20DD5F4B291E204000C9C635 /* ChangePasswordViewControllerSnapshotTests.swift */ = {isa = PBXFileReference; fileEncoding = 4; lastKnownFileType = sourcecode.swift; path = ChangePasswordViewControllerSnapshotTests.swift; sourceTree = "<group>"; };
		20DD5F4D291E205100C9C635 /* ChangePasswordViewControllerTests.swift */ = {isa = PBXFileReference; fileEncoding = 4; lastKnownFileType = sourcecode.swift; path = ChangePasswordViewControllerTests.swift; sourceTree = "<group>"; };
		20DD5F4E291E205100C9C635 /* AppLaunchTest.swift */ = {isa = PBXFileReference; fileEncoding = 4; lastKnownFileType = sourcecode.swift; path = AppLaunchTest.swift; sourceTree = "<group>"; };
/* End PBXFileReference section */

/* Begin PBXFrameworksBuildPhase section */
		20DD5EF3291E1E6200C9C635 /* Frameworks */ = {
			isa = PBXFrameworksBuildPhase;
			buildActionMask = 2147483647;
			files = (
			);
			runOnlyForDeploymentPostprocessing = 0;
		};
		20DD5F09291E1E6300C9C635 /* Frameworks */ = {
			isa = PBXFrameworksBuildPhase;
			buildActionMask = 2147483647;
			files = (
				20DD5F2E291E1ED700C9C635 /* iOSSnapshotTestCase in Frameworks */,
				20DD5F2B291E1EC200C9C635 /* ViewControllerPresentationSpy in Frameworks */,
			);
			runOnlyForDeploymentPostprocessing = 0;
		};
/* End PBXFrameworksBuildPhase section */

/* Begin PBXGroup section */
		2062CA4E291E232600B8970E /* ChangePassword */ = {
			isa = PBXGroup;
			children = (
				2062CA54291E237C00B8970E /* ChangePasswordViewController.swift */,
				2062CA53291E237C00B8970E /* ChangePasswordViewModel.swift */,
			);
			path = ChangePassword;
			sourceTree = "<group>";
		};
		20DD5EED291E1E6200C9C635 = {
			isa = PBXGroup;
			children = (
				20DD5EF8291E1E6200C9C635 /* MVVM */,
				20DD5F0F291E1E6300C9C635 /* MVVMTests */,
				20DD5EF7291E1E6200C9C635 /* Products */,
			);
			sourceTree = "<group>";
		};
		20DD5EF7291E1E6200C9C635 /* Products */ = {
			isa = PBXGroup;
			children = (
				20DD5EF6291E1E6200C9C635 /* MVVM.app */,
				20DD5F0C291E1E6300C9C635 /* MVVMTests.xctest */,
			);
			name = Products;
			sourceTree = "<group>";
		};
		20DD5EF8291E1E6200C9C635 /* MVVM */ = {
			isa = PBXGroup;
			children = (
				2062CA4F291E235D00B8970E /* main.swift */,
				20DD5EF9291E1E6200C9C635 /* AppDelegate.swift */,
				20DD5EFB291E1E6200C9C635 /* SceneDelegate.swift */,
				20DD5EFD291E1E6200C9C635 /* ViewController.swift */,
				2062CA4E291E232600B8970E /* ChangePassword */,
				2062CA50291E235D00B8970E /* PasswordChanger.swift */,
				20DD5EFF291E1E6200C9C635 /* Main.storyboard */,
				20DD5F02291E1E6300C9C635 /* Assets.xcassets */,
				20DD5F04291E1E6300C9C635 /* LaunchScreen.storyboard */,
				20DD5F07291E1E6300C9C635 /* Info.plist */,
			);
			path = MVVM;
			sourceTree = "<group>";
		};
		20DD5F0F291E1E6300C9C635 /* MVVMTests */ = {
			isa = PBXGroup;
			children = (
				20DD5F2F291E1F0900C9C635 /* ByPassDelegate */,
				20DD5F30291E1F1200C9C635 /* Helpers */,
				20DD5F31291E1F1A00C9C635 /* Mocks */,
				20DD5F32291E1F2100C9C635 /* SnapshotTests */,
				20DD5F33291E1F2800C9C635 /* Tests */,
			);
			path = MVVMTests;
			sourceTree = "<group>";
		};
		20DD5F2F291E1F0900C9C635 /* ByPassDelegate */ = {
			isa = PBXGroup;
			children = (
				20DD5F3F291E1FFA00C9C635 /* TestingAppDelegate.swift */,
				20DD5F40291E1FFA00C9C635 /* TestingRootViewController.swift */,
				20DD5F41291E1FFA00C9C635 /* TestingSceneDelegate.swift */,
			);
			path = ByPassDelegate;
			sourceTree = "<group>";
		};
		20DD5F30291E1F1200C9C635 /* Helpers */ = {
			isa = PBXGroup;
			children = (
				20DD5F45291E200D00C9C635 /* ButtonHelper.swift */,
				20DD5F46291E200D00C9C635 /* TestHelpers.swift */,
			);
			path = Helpers;
			sourceTree = "<group>";
		};
		20DD5F31291E1F1A00C9C635 /* Mocks */ = {
			isa = PBXGroup;
			children = (
				20DD5F49291E202300C9C635 /* MockPasswordChanger.swift */,
			);
			path = Mocks;
			sourceTree = "<group>";
		};
		20DD5F32291E1F2100C9C635 /* SnapshotTests */ = {
			isa = PBXGroup;
			children = (
				20DD5F4B291E204000C9C635 /* ChangePasswordViewControllerSnapshotTests.swift */,
			);
			path = SnapshotTests;
			sourceTree = "<group>";
		};
		20DD5F33291E1F2800C9C635 /* Tests */ = {
			isa = PBXGroup;
			children = (
				20DD5F4E291E205100C9C635 /* AppLaunchTest.swift */,
				20DD5F4D291E205100C9C635 /* ChangePasswordViewControllerTests.swift */,
			);
			path = Tests;
			sourceTree = "<group>";
		};
/* End PBXGroup section */

/* Begin PBXNativeTarget section */
		20DD5EF5291E1E6200C9C635 /* MVVM */ = {
			isa = PBXNativeTarget;
			buildConfigurationList = 20DD5F20291E1E6300C9C635 /* Build configuration list for PBXNativeTarget "MVVM" */;
			buildPhases = (
				20DD5EF2291E1E6200C9C635 /* Sources */,
				20DD5EF3291E1E6200C9C635 /* Frameworks */,
				20DD5EF4291E1E6200C9C635 /* Resources */,
			);
			buildRules = (
			);
			dependencies = (
			);
			name = MVVM;
			productName = MVVM;
			productReference = 20DD5EF6291E1E6200C9C635 /* MVVM.app */;
			productType = "com.apple.product-type.application";
		};
		20DD5F0B291E1E6300C9C635 /* MVVMTests */ = {
			isa = PBXNativeTarget;
			buildConfigurationList = 20DD5F23291E1E6300C9C635 /* Build configuration list for PBXNativeTarget "MVVMTests" */;
			buildPhases = (
				20DD5F08291E1E6300C9C635 /* Sources */,
				20DD5F09291E1E6300C9C635 /* Frameworks */,
				20DD5F0A291E1E6300C9C635 /* Resources */,
			);
			buildRules = (
			);
			dependencies = (
				20DD5F0E291E1E6300C9C635 /* PBXTargetDependency */,
			);
			name = MVVMTests;
			packageProductDependencies = (
				20DD5F2A291E1EC200C9C635 /* ViewControllerPresentationSpy */,
				20DD5F2D291E1ED700C9C635 /* iOSSnapshotTestCase */,
			);
			productName = MVVMTests;
			productReference = 20DD5F0C291E1E6300C9C635 /* MVVMTests.xctest */;
			productType = "com.apple.product-type.bundle.unit-test";
		};
/* End PBXNativeTarget section */

/* Begin PBXProject section */
		20DD5EEE291E1E6200C9C635 /* Project object */ = {
			isa = PBXProject;
			attributes = {
				BuildIndependentTargetsInParallel = 1;
				LastSwiftUpdateCheck = 1410;
				LastUpgradeCheck = 1410;
				TargetAttributes = {
					20DD5EF5291E1E6200C9C635 = {
						CreatedOnToolsVersion = 14.1;
					};
					20DD5F0B291E1E6300C9C635 = {
						CreatedOnToolsVersion = 14.1;
						LastSwiftMigration = 1410;
						TestTargetID = 20DD5EF5291E1E6200C9C635;
					};
				};
			};
			buildConfigurationList = 20DD5EF1291E1E6200C9C635 /* Build configuration list for PBXProject "MVVM" */;
			compatibilityVersion = "Xcode 14.0";
			developmentRegion = en;
			hasScannedForEncodings = 0;
			knownRegions = (
				en,
				Base,
			);
			mainGroup = 20DD5EED291E1E6200C9C635;
			packageReferences = (
				20DD5F29291E1EC200C9C635 /* XCRemoteSwiftPackageReference "ViewControllerPresentationSpy" */,
				20DD5F2C291E1ED700C9C635 /* XCRemoteSwiftPackageReference "ios-snapshot-test-case" */,
			);
			productRefGroup = 20DD5EF7291E1E6200C9C635 /* Products */;
			projectDirPath = "";
			projectRoot = "";
			targets = (
				20DD5EF5291E1E6200C9C635 /* MVVM */,
				20DD5F0B291E1E6300C9C635 /* MVVMTests */,
			);
		};
/* End PBXProject section */

/* Begin PBXResourcesBuildPhase section */
		20DD5EF4291E1E6200C9C635 /* Resources */ = {
			isa = PBXResourcesBuildPhase;
			buildActionMask = 2147483647;
			files = (
				20DD5F06291E1E6300C9C635 /* LaunchScreen.storyboard in Resources */,
				20DD5F03291E1E6300C9C635 /* Assets.xcassets in Resources */,
				20DD5F01291E1E6200C9C635 /* Main.storyboard in Resources */,
			);
			runOnlyForDeploymentPostprocessing = 0;
		};
		20DD5F0A291E1E6300C9C635 /* Resources */ = {
			isa = PBXResourcesBuildPhase;
			buildActionMask = 2147483647;
			files = (
			);
			runOnlyForDeploymentPostprocessing = 0;
		};
/* End PBXResourcesBuildPhase section */

/* Begin PBXSourcesBuildPhase section */
		20DD5EF2291E1E6200C9C635 /* Sources */ = {
			isa = PBXSourcesBuildPhase;
			buildActionMask = 2147483647;
			files = (
				2062CA52291E235D00B8970E /* PasswordChanger.swift in Sources */,
				2062CA55291E237C00B8970E /* ChangePasswordViewModel.swift in Sources */,
				20DD5EFE291E1E6200C9C635 /* ViewController.swift in Sources */,
				20DD5EFA291E1E6200C9C635 /* AppDelegate.swift in Sources */,
				2062CA51291E235D00B8970E /* main.swift in Sources */,
				20DD5EFC291E1E6200C9C635 /* SceneDelegate.swift in Sources */,
				2062CA56291E237C00B8970E /* ChangePasswordViewController.swift in Sources */,
			);
			runOnlyForDeploymentPostprocessing = 0;
		};
		20DD5F08291E1E6300C9C635 /* Sources */ = {
			isa = PBXSourcesBuildPhase;
			buildActionMask = 2147483647;
			files = (
				20DD5F4C291E204000C9C635 /* ChangePasswordViewControllerSnapshotTests.swift in Sources */,
				20DD5F44291E1FFA00C9C635 /* TestingSceneDelegate.swift in Sources */,
				20DD5F48291E200D00C9C635 /* TestHelpers.swift in Sources */,
				20DD5F47291E200D00C9C635 /* ButtonHelper.swift in Sources */,
				20DD5F42291E1FFA00C9C635 /* TestingAppDelegate.swift in Sources */,
				20DD5F4F291E205100C9C635 /* ChangePasswordViewControllerTests.swift in Sources */,
				20DD5F43291E1FFA00C9C635 /* TestingRootViewController.swift in Sources */,
				20DD5F4A291E202300C9C635 /* MockPasswordChanger.swift in Sources */,
				20DD5F50291E205100C9C635 /* AppLaunchTest.swift in Sources */,
			);
			runOnlyForDeploymentPostprocessing = 0;
		};
/* End PBXSourcesBuildPhase section */

/* Begin PBXTargetDependency section */
		20DD5F0E291E1E6300C9C635 /* PBXTargetDependency */ = {
			isa = PBXTargetDependency;
			target = 20DD5EF5291E1E6200C9C635 /* MVVM */;
			targetProxy = 20DD5F0D291E1E6300C9C635 /* PBXContainerItemProxy */;
		};
/* End PBXTargetDependency section */

/* Begin PBXVariantGroup section */
		20DD5EFF291E1E6200C9C635 /* Main.storyboard */ = {
			isa = PBXVariantGroup;
			children = (
				20DD5F00291E1E6200C9C635 /* Base */,
			);
			name = Main.storyboard;
			sourceTree = "<group>";
		};
		20DD5F04291E1E6300C9C635 /* LaunchScreen.storyboard */ = {
			isa = PBXVariantGroup;
			children = (
				20DD5F05291E1E6300C9C635 /* Base */,
			);
			name = LaunchScreen.storyboard;
			sourceTree = "<group>";
		};
/* End PBXVariantGroup section */

/* Begin XCBuildConfiguration section */
		20DD5F1E291E1E6300C9C635 /* Debug */ = {
			isa = XCBuildConfiguration;
			buildSettings = {
				ALWAYS_SEARCH_USER_PATHS = NO;
				CLANG_ANALYZER_NONNULL = YES;
				CLANG_ANALYZER_NUMBER_OBJECT_CONVERSION = YES_AGGRESSIVE;
				CLANG_CXX_LANGUAGE_STANDARD = "gnu++20";
				CLANG_ENABLE_MODULES = YES;
				CLANG_ENABLE_OBJC_ARC = YES;
				CLANG_ENABLE_OBJC_WEAK = YES;
				CLANG_WARN_BLOCK_CAPTURE_AUTORELEASING = YES;
				CLANG_WARN_BOOL_CONVERSION = YES;
				CLANG_WARN_COMMA = YES;
				CLANG_WARN_CONSTANT_CONVERSION = YES;
				CLANG_WARN_DEPRECATED_OBJC_IMPLEMENTATIONS = YES;
				CLANG_WARN_DIRECT_OBJC_ISA_USAGE = YES_ERROR;
				CLANG_WARN_DOCUMENTATION_COMMENTS = YES;
				CLANG_WARN_EMPTY_BODY = YES;
				CLANG_WARN_ENUM_CONVERSION = YES;
				CLANG_WARN_INFINITE_RECURSION = YES;
				CLANG_WARN_INT_CONVERSION = YES;
				CLANG_WARN_NON_LITERAL_NULL_CONVERSION = YES;
				CLANG_WARN_OBJC_IMPLICIT_RETAIN_SELF = YES;
				CLANG_WARN_OBJC_LITERAL_CONVERSION = YES;
				CLANG_WARN_OBJC_ROOT_CLASS = YES_ERROR;
				CLANG_WARN_QUOTED_INCLUDE_IN_FRAMEWORK_HEADER = YES;
				CLANG_WARN_RANGE_LOOP_ANALYSIS = YES;
				CLANG_WARN_STRICT_PROTOTYPES = YES;
				CLANG_WARN_SUSPICIOUS_MOVE = YES;
				CLANG_WARN_UNGUARDED_AVAILABILITY = YES_AGGRESSIVE;
				CLANG_WARN_UNREACHABLE_CODE = YES;
				CLANG_WARN__DUPLICATE_METHOD_MATCH = YES;
				COPY_PHASE_STRIP = NO;
				DEBUG_INFORMATION_FORMAT = dwarf;
				ENABLE_STRICT_OBJC_MSGSEND = YES;
				ENABLE_TESTABILITY = YES;
				GCC_C_LANGUAGE_STANDARD = gnu11;
				GCC_DYNAMIC_NO_PIC = NO;
				GCC_NO_COMMON_BLOCKS = YES;
				GCC_OPTIMIZATION_LEVEL = 0;
				GCC_PREPROCESSOR_DEFINITIONS = (
					"DEBUG=1",
					"$(inherited)",
				);
				GCC_WARN_64_TO_32_BIT_CONVERSION = YES;
				GCC_WARN_ABOUT_RETURN_TYPE = YES_ERROR;
				GCC_WARN_UNDECLARED_SELECTOR = YES;
				GCC_WARN_UNINITIALIZED_AUTOS = YES_AGGRESSIVE;
				GCC_WARN_UNUSED_FUNCTION = YES;
				GCC_WARN_UNUSED_VARIABLE = YES;
				IPHONEOS_DEPLOYMENT_TARGET = 16.1;
				MTL_ENABLE_DEBUG_INFO = INCLUDE_SOURCE;
				MTL_FAST_MATH = YES;
				ONLY_ACTIVE_ARCH = YES;
				SDKROOT = iphoneos;
				SWIFT_ACTIVE_COMPILATION_CONDITIONS = DEBUG;
				SWIFT_OPTIMIZATION_LEVEL = "-Onone";
			};
			name = Debug;
		};
		20DD5F1F291E1E6300C9C635 /* Release */ = {
			isa = XCBuildConfiguration;
			buildSettings = {
				ALWAYS_SEARCH_USER_PATHS = NO;
				CLANG_ANALYZER_NONNULL = YES;
				CLANG_ANALYZER_NUMBER_OBJECT_CONVERSION = YES_AGGRESSIVE;
				CLANG_CXX_LANGUAGE_STANDARD = "gnu++20";
				CLANG_ENABLE_MODULES = YES;
				CLANG_ENABLE_OBJC_ARC = YES;
				CLANG_ENABLE_OBJC_WEAK = YES;
				CLANG_WARN_BLOCK_CAPTURE_AUTORELEASING = YES;
				CLANG_WARN_BOOL_CONVERSION = YES;
				CLANG_WARN_COMMA = YES;
				CLANG_WARN_CONSTANT_CONVERSION = YES;
				CLANG_WARN_DEPRECATED_OBJC_IMPLEMENTATIONS = YES;
				CLANG_WARN_DIRECT_OBJC_ISA_USAGE = YES_ERROR;
				CLANG_WARN_DOCUMENTATION_COMMENTS = YES;
				CLANG_WARN_EMPTY_BODY = YES;
				CLANG_WARN_ENUM_CONVERSION = YES;
				CLANG_WARN_INFINITE_RECURSION = YES;
				CLANG_WARN_INT_CONVERSION = YES;
				CLANG_WARN_NON_LITERAL_NULL_CONVERSION = YES;
				CLANG_WARN_OBJC_IMPLICIT_RETAIN_SELF = YES;
				CLANG_WARN_OBJC_LITERAL_CONVERSION = YES;
				CLANG_WARN_OBJC_ROOT_CLASS = YES_ERROR;
				CLANG_WARN_QUOTED_INCLUDE_IN_FRAMEWORK_HEADER = YES;
				CLANG_WARN_RANGE_LOOP_ANALYSIS = YES;
				CLANG_WARN_STRICT_PROTOTYPES = YES;
				CLANG_WARN_SUSPICIOUS_MOVE = YES;
				CLANG_WARN_UNGUARDED_AVAILABILITY = YES_AGGRESSIVE;
				CLANG_WARN_UNREACHABLE_CODE = YES;
				CLANG_WARN__DUPLICATE_METHOD_MATCH = YES;
				COPY_PHASE_STRIP = NO;
				DEBUG_INFORMATION_FORMAT = "dwarf-with-dsym";
				ENABLE_NS_ASSERTIONS = NO;
				ENABLE_STRICT_OBJC_MSGSEND = YES;
				GCC_C_LANGUAGE_STANDARD = gnu11;
				GCC_NO_COMMON_BLOCKS = YES;
				GCC_WARN_64_TO_32_BIT_CONVERSION = YES;
				GCC_WARN_ABOUT_RETURN_TYPE = YES_ERROR;
				GCC_WARN_UNDECLARED_SELECTOR = YES;
				GCC_WARN_UNINITIALIZED_AUTOS = YES_AGGRESSIVE;
				GCC_WARN_UNUSED_FUNCTION = YES;
				GCC_WARN_UNUSED_VARIABLE = YES;
				IPHONEOS_DEPLOYMENT_TARGET = 16.1;
				MTL_ENABLE_DEBUG_INFO = NO;
				MTL_FAST_MATH = YES;
				SDKROOT = iphoneos;
				SWIFT_COMPILATION_MODE = wholemodule;
				SWIFT_OPTIMIZATION_LEVEL = "-O";
				VALIDATE_PRODUCT = YES;
			};
			name = Release;
		};
		20DD5F21291E1E6300C9C635 /* Debug */ = {
			isa = XCBuildConfiguration;
			buildSettings = {
				ASSETCATALOG_COMPILER_APPICON_NAME = AppIcon;
				ASSETCATALOG_COMPILER_GLOBAL_ACCENT_COLOR_NAME = AccentColor;
				CODE_SIGN_STYLE = Automatic;
				CURRENT_PROJECT_VERSION = 1;
				GENERATE_INFOPLIST_FILE = YES;
				INFOPLIST_FILE = MVVM/Info.plist;
				INFOPLIST_KEY_UIApplicationSupportsIndirectInputEvents = YES;
				INFOPLIST_KEY_UILaunchStoryboardName = LaunchScreen;
				INFOPLIST_KEY_UIMainStoryboardFile = Main;
				INFOPLIST_KEY_UISupportedInterfaceOrientations_iPad = "UIInterfaceOrientationPortrait UIInterfaceOrientationPortraitUpsideDown UIInterfaceOrientationLandscapeLeft UIInterfaceOrientationLandscapeRight";
				INFOPLIST_KEY_UISupportedInterfaceOrientations_iPhone = "UIInterfaceOrientationPortrait UIInterfaceOrientationLandscapeLeft UIInterfaceOrientationLandscapeRight";
				IPHONEOS_DEPLOYMENT_TARGET = 13.0;
				LD_RUNPATH_SEARCH_PATHS = (
					"$(inherited)",
					"@executable_path/Frameworks",
				);
				MARKETING_VERSION = 1.0;
				PRODUCT_BUNDLE_IDENTIFIER = tw.com.BruceHuang.MVVM;
				PRODUCT_NAME = "$(TARGET_NAME)";
				SWIFT_EMIT_LOC_STRINGS = YES;
				SWIFT_VERSION = 5.0;
				TARGETED_DEVICE_FAMILY = "1,2";
			};
			name = Debug;
		};
		20DD5F22291E1E6300C9C635 /* Release */ = {
			isa = XCBuildConfiguration;
			buildSettings = {
				ASSETCATALOG_COMPILER_APPICON_NAME = AppIcon;
				ASSETCATALOG_COMPILER_GLOBAL_ACCENT_COLOR_NAME = AccentColor;
				CODE_SIGN_STYLE = Automatic;
				CURRENT_PROJECT_VERSION = 1;
				GENERATE_INFOPLIST_FILE = YES;
				INFOPLIST_FILE = MVVM/Info.plist;
				INFOPLIST_KEY_UIApplicationSupportsIndirectInputEvents = YES;
				INFOPLIST_KEY_UILaunchStoryboardName = LaunchScreen;
				INFOPLIST_KEY_UIMainStoryboardFile = Main;
				INFOPLIST_KEY_UISupportedInterfaceOrientations_iPad = "UIInterfaceOrientationPortrait UIInterfaceOrientationPortraitUpsideDown UIInterfaceOrientationLandscapeLeft UIInterfaceOrientationLandscapeRight";
				INFOPLIST_KEY_UISupportedInterfaceOrientations_iPhone = "UIInterfaceOrientationPortrait UIInterfaceOrientationLandscapeLeft UIInterfaceOrientationLandscapeRight";
				IPHONEOS_DEPLOYMENT_TARGET = 13.0;
				LD_RUNPATH_SEARCH_PATHS = (
					"$(inherited)",
					"@executable_path/Frameworks",
				);
				MARKETING_VERSION = 1.0;
				PRODUCT_BUNDLE_IDENTIFIER = tw.com.BruceHuang.MVVM;
				PRODUCT_NAME = "$(TARGET_NAME)";
				SWIFT_EMIT_LOC_STRINGS = YES;
				SWIFT_VERSION = 5.0;
				TARGETED_DEVICE_FAMILY = "1,2";
			};
			name = Release;
		};
		20DD5F24291E1E6300C9C635 /* Debug */ = {
			isa = XCBuildConfiguration;
			buildSettings = {
				ALWAYS_EMBED_SWIFT_STANDARD_LIBRARIES = YES;
				BUNDLE_LOADER = "$(TEST_HOST)";
				CLANG_ENABLE_MODULES = YES;
				CODE_SIGN_STYLE = Automatic;
				CURRENT_PROJECT_VERSION = 1;
				GENERATE_INFOPLIST_FILE = YES;
				IPHONEOS_DEPLOYMENT_TARGET = 13.0;
				LD_RUNPATH_SEARCH_PATHS = (
					"$(inherited)",
					"@executable_path/Frameworks",
					"@loader_path/Frameworks",
				);
				MARKETING_VERSION = 1.0;
				PRODUCT_BUNDLE_IDENTIFIER = tw.com.BruceHuang.MVVMTests;
				PRODUCT_NAME = "$(TARGET_NAME)";
				SWIFT_EMIT_LOC_STRINGS = NO;
				SWIFT_OPTIMIZATION_LEVEL = "-Onone";
				SWIFT_VERSION = 5.0;
				TARGETED_DEVICE_FAMILY = "1,2";
				TEST_HOST = "$(BUILT_PRODUCTS_DIR)/MVVM.app/$(BUNDLE_EXECUTABLE_FOLDER_PATH)/MVVM";
			};
			name = Debug;
		};
		20DD5F25291E1E6300C9C635 /* Release */ = {
			isa = XCBuildConfiguration;
			buildSettings = {
				ALWAYS_EMBED_SWIFT_STANDARD_LIBRARIES = YES;
				BUNDLE_LOADER = "$(TEST_HOST)";
				CLANG_ENABLE_MODULES = YES;
				CODE_SIGN_STYLE = Automatic;
				CURRENT_PROJECT_VERSION = 1;
				GENERATE_INFOPLIST_FILE = YES;
				IPHONEOS_DEPLOYMENT_TARGET = 13.0;
				LD_RUNPATH_SEARCH_PATHS = (
					"$(inherited)",
					"@executable_path/Frameworks",
					"@loader_path/Frameworks",
				);
				MARKETING_VERSION = 1.0;
				PRODUCT_BUNDLE_IDENTIFIER = tw.com.BruceHuang.MVVMTests;
				PRODUCT_NAME = "$(TARGET_NAME)";
				SWIFT_EMIT_LOC_STRINGS = NO;
				SWIFT_VERSION = 5.0;
				TARGETED_DEVICE_FAMILY = "1,2";
				TEST_HOST = "$(BUILT_PRODUCTS_DIR)/MVVM.app/$(BUNDLE_EXECUTABLE_FOLDER_PATH)/MVVM";
			};
			name = Release;
		};
/* End XCBuildConfiguration section */

/* Begin XCConfigurationList section */
		20DD5EF1291E1E6200C9C635 /* Build configuration list for PBXProject "MVVM" */ = {
			isa = XCConfigurationList;
			buildConfigurations = (
				20DD5F1E291E1E6300C9C635 /* Debug */,
				20DD5F1F291E1E6300C9C635 /* Release */,
			);
			defaultConfigurationIsVisible = 0;
			defaultConfigurationName = Release;
		};
		20DD5F20291E1E6300C9C635 /* Build configuration list for PBXNativeTarget "MVVM" */ = {
			isa = XCConfigurationList;
			buildConfigurations = (
				20DD5F21291E1E6300C9C635 /* Debug */,
				20DD5F22291E1E6300C9C635 /* Release */,
			);
			defaultConfigurationIsVisible = 0;
			defaultConfigurationName = Release;
		};
		20DD5F23291E1E6300C9C635 /* Build configuration list for PBXNativeTarget "MVVMTests" */ = {
			isa = XCConfigurationList;
			buildConfigurations = (
				20DD5F24291E1E6300C9C635 /* Debug */,
				20DD5F25291E1E6300C9C635 /* Release */,
			);
			defaultConfigurationIsVisible = 0;
			defaultConfigurationName = Release;
		};
/* End XCConfigurationList section */

/* Begin XCRemoteSwiftPackageReference section */
		20DD5F29291E1EC200C9C635 /* XCRemoteSwiftPackageReference "ViewControllerPresentationSpy" */ = {
			isa = XCRemoteSwiftPackageReference;
			repositoryURL = "https://github.com/jonreid/ViewControllerPresentationSpy";
			requirement = {
				kind = upToNextMajorVersion;
				minimumVersion = 6.0.0;
			};
		};
		20DD5F2C291E1ED700C9C635 /* XCRemoteSwiftPackageReference "ios-snapshot-test-case" */ = {
			isa = XCRemoteSwiftPackageReference;
			repositoryURL = "https://github.com/uber/ios-snapshot-test-case.git";
			requirement = {
				kind = upToNextMajorVersion;
				minimumVersion = 8.0.0;
			};
		};
/* End XCRemoteSwiftPackageReference section */

/* Begin XCSwiftPackageProductDependency section */
		20DD5F2A291E1EC200C9C635 /* ViewControllerPresentationSpy */ = {
			isa = XCSwiftPackageProductDependency;
			package = 20DD5F29291E1EC200C9C635 /* XCRemoteSwiftPackageReference "ViewControllerPresentationSpy" */;
			productName = ViewControllerPresentationSpy;
		};
		20DD5F2D291E1ED700C9C635 /* iOSSnapshotTestCase */ = {
			isa = XCSwiftPackageProductDependency;
			package = 20DD5F2C291E1ED700C9C635 /* XCRemoteSwiftPackageReference "ios-snapshot-test-case" */;
			productName = iOSSnapshotTestCase;
		};
/* End XCSwiftPackageProductDependency section */
	};
	rootObject = 20DD5EEE291E1E6200C9C635 /* Project object */;
}
