// !$*UTF8*$!
{
	archiveVersion = 1;
	classes = {
	};
	objectVersion = 55;
	objects = {

/* Begin PBXBuildFile section */
		78D80891281E2ECF0088E22E /* AppDelegate.swift in Sources */ = {isa = PBXBuildFile; fileRef = 78D80890281E2ECF0088E22E /* AppDelegate.swift */; };
		78D80893281E2ECF0088E22E /* SceneDelegate.swift in Sources */ = {isa = PBXBuildFile; fileRef = 78D80892281E2ECF0088E22E /* SceneDelegate.swift */; };
		78D80895281E2ECF0088E22E /* ViewController.swift in Sources */ = {isa = PBXBuildFile; fileRef = 78D80894281E2ECF0088E22E /* ViewController.swift */; };
		78D80898281E2ECF0088E22E /* Main.storyboard in Resources */ = {isa = PBXBuildFile; fileRef = 78D80896281E2ECF0088E22E /* Main.storyboard */; };
		78D8089A281E2ED00088E22E /* Assets.xcassets in Resources */ = {isa = PBXBuildFile; fileRef = 78D80899281E2ED00088E22E /* Assets.xcassets */; };
		78D8089D281E2ED00088E22E /* LaunchScreen.storyboard in Resources */ = {isa = PBXBuildFile; fileRef = 78D8089B281E2ED00088E22E /* LaunchScreen.storyboard */; };
		78D808C1281E2F460088E22E /* MyClass.swift in Sources */ = {isa = PBXBuildFile; fileRef = 78D808C0281E2F460088E22E /* MyClass.swift */; };
		78D808C3281E301F0088E22E /* MyClassTests.swift in Sources */ = {isa = PBXBuildFile; fileRef = 78D808C2281E301F0088E22E /* MyClassTests.swift */; };
/* End PBXBuildFile section */

/* Begin PBXContainerItemProxy section */
		78D808A4281E2ED00088E22E /* PBXContainerItemProxy */ = {
			isa = PBXContainerItemProxy;
			containerPortal = 78D80885281E2ECF0088E22E /* Project object */;
			proxyType = 1;
			remoteGlobalIDString = 78D8088C281E2ECF0088E22E;
			remoteInfo = TestLifeCycle;
		};
/* End PBXContainerItemProxy section */

/* Begin PBXFileReference section */
		78D8088D281E2ECF0088E22E /* TestLifeCycle.app */ = {isa = PBXFileReference; explicitFileType = wrapper.application; includeInIndex = 0; path = TestLifeCycle.app; sourceTree = BUILT_PRODUCTS_DIR; };
		78D80890281E2ECF0088E22E /* AppDelegate.swift */ = {isa = PBXFileReference; lastKnownFileType = sourcecode.swift; path = AppDelegate.swift; sourceTree = "<group>"; };
		78D80892281E2ECF0088E22E /* SceneDelegate.swift */ = {isa = PBXFileReference; lastKnownFileType = sourcecode.swift; path = SceneDelegate.swift; sourceTree = "<group>"; };
		78D80894281E2ECF0088E22E /* ViewController.swift */ = {isa = PBXFileReference; lastKnownFileType = sourcecode.swift; path = ViewController.swift; sourceTree = "<group>"; };
		78D80897281E2ECF0088E22E /* Base */ = {isa = PBXFileReference; lastKnownFileType = file.storyboard; name = Base; path = Base.lproj/Main.storyboard; sourceTree = "<group>"; };
		78D80899281E2ED00088E22E /* Assets.xcassets */ = {isa = PBXFileReference; lastKnownFileType = folder.assetcatalog; path = Assets.xcassets; sourceTree = "<group>"; };
		78D8089C281E2ED00088E22E /* Base */ = {isa = PBXFileReference; lastKnownFileType = file.storyboard; name = Base; path = Base.lproj/LaunchScreen.storyboard; sourceTree = "<group>"; };
		78D8089E281E2ED00088E22E /* Info.plist */ = {isa = PBXFileReference; lastKnownFileType = text.plist.xml; path = Info.plist; sourceTree = "<group>"; };
		78D808A3281E2ED00088E22E /* TestLifeCycleTests.xctest */ = {isa = PBXFileReference; explicitFileType = wrapper.cfbundle; includeInIndex = 0; path = TestLifeCycleTests.xctest; sourceTree = BUILT_PRODUCTS_DIR; };
		78D808C0281E2F460088E22E /* MyClass.swift */ = {isa = PBXFileReference; lastKnownFileType = sourcecode.swift; path = MyClass.swift; sourceTree = "<group>"; };
		78D808C2281E301F0088E22E /* MyClassTests.swift */ = {isa = PBXFileReference; lastKnownFileType = sourcecode.swift; path = MyClassTests.swift; sourceTree = "<group>"; };
/* End PBXFileReference section */

/* Begin PBXFrameworksBuildPhase section */
		78D8088A281E2ECF0088E22E /* Frameworks */ = {
			isa = PBXFrameworksBuildPhase;
			buildActionMask = 2147483647;
			files = (
			);
			runOnlyForDeploymentPostprocessing = 0;
		};
		78D808A0281E2ED00088E22E /* Frameworks */ = {
			isa = PBXFrameworksBuildPhase;
			buildActionMask = 2147483647;
			files = (
			);
			runOnlyForDeploymentPostprocessing = 0;
		};
/* End PBXFrameworksBuildPhase section */

/* Begin PBXGroup section */
		78D80884281E2ECF0088E22E = {
			isa = PBXGroup;
			children = (
				78D8088F281E2ECF0088E22E /* TestLifeCycle */,
				78D808A6281E2ED00088E22E /* TestLifeCycleTests */,
				78D8088E281E2ECF0088E22E /* Products */,
			);
			sourceTree = "<group>";
		};
		78D8088E281E2ECF0088E22E /* Products */ = {
			isa = PBXGroup;
			children = (
				78D8088D281E2ECF0088E22E /* TestLifeCycle.app */,
				78D808A3281E2ED00088E22E /* TestLifeCycleTests.xctest */,
			);
			name = Products;
			sourceTree = "<group>";
		};
		78D8088F281E2ECF0088E22E /* TestLifeCycle */ = {
			isa = PBXGroup;
			children = (
				78D808C0281E2F460088E22E /* MyClass.swift */,
				78D80890281E2ECF0088E22E /* AppDelegate.swift */,
				78D80892281E2ECF0088E22E /* SceneDelegate.swift */,
				78D80894281E2ECF0088E22E /* ViewController.swift */,
				78D80896281E2ECF0088E22E /* Main.storyboard */,
				78D80899281E2ED00088E22E /* Assets.xcassets */,
				78D8089B281E2ED00088E22E /* LaunchScreen.storyboard */,
				78D8089E281E2ED00088E22E /* Info.plist */,
			);
			path = TestLifeCycle;
			sourceTree = "<group>";
		};
		78D808A6281E2ED00088E22E /* TestLifeCycleTests */ = {
			isa = PBXGroup;
			children = (
				78D808C2281E301F0088E22E /* MyClassTests.swift */,
			);
			path = TestLifeCycleTests;
			sourceTree = "<group>";
		};
/* End PBXGroup section */

/* Begin PBXNativeTarget section */
		78D8088C281E2ECF0088E22E /* TestLifeCycle */ = {
			isa = PBXNativeTarget;
			buildConfigurationList = 78D808B7281E2ED00088E22E /* Build configuration list for PBXNativeTarget "TestLifeCycle" */;
			buildPhases = (
				78D80889281E2ECF0088E22E /* Sources */,
				78D8088A281E2ECF0088E22E /* Frameworks */,
				78D8088B281E2ECF0088E22E /* Resources */,
			);
			buildRules = (
			);
			dependencies = (
			);
			name = TestLifeCycle;
			productName = TestLifeCycle;
			productReference = 78D8088D281E2ECF0088E22E /* TestLifeCycle.app */;
			productType = "com.apple.product-type.application";
		};
		78D808A2281E2ED00088E22E /* TestLifeCycleTests */ = {
			isa = PBXNativeTarget;
			buildConfigurationList = 78D808BA281E2ED00088E22E /* Build configuration list for PBXNativeTarget "TestLifeCycleTests" */;
			buildPhases = (
				78D8089F281E2ED00088E22E /* Sources */,
				78D808A0281E2ED00088E22E /* Frameworks */,
				78D808A1281E2ED00088E22E /* Resources */,
			);
			buildRules = (
			);
			dependencies = (
				78D808A5281E2ED00088E22E /* PBXTargetDependency */,
			);
			name = TestLifeCycleTests;
			productName = TestLifeCycleTests;
			productReference = 78D808A3281E2ED00088E22E /* TestLifeCycleTests.xctest */;
			productType = "com.apple.product-type.bundle.unit-test";
		};
/* End PBXNativeTarget section */

/* Begin PBXProject section */
		78D80885281E2ECF0088E22E /* Project object */ = {
			isa = PBXProject;
			attributes = {
				BuildIndependentTargetsInParallel = 1;
				LastSwiftUpdateCheck = 1330;
				LastUpgradeCheck = 1330;
				TargetAttributes = {
					78D8088C281E2ECF0088E22E = {
						CreatedOnToolsVersion = 13.3.1;
					};
					78D808A2281E2ED00088E22E = {
						CreatedOnToolsVersion = 13.3.1;
						LastSwiftMigration = 1330;
						TestTargetID = 78D8088C281E2ECF0088E22E;
					};
				};
			};
			buildConfigurationList = 78D80888281E2ECF0088E22E /* Build configuration list for PBXProject "TestLifeCycle" */;
			compatibilityVersion = "Xcode 13.0";
			developmentRegion = en;
			hasScannedForEncodings = 0;
			knownRegions = (
				en,
				Base,
			);
			mainGroup = 78D80884281E2ECF0088E22E;
			productRefGroup = 78D8088E281E2ECF0088E22E /* Products */;
			projectDirPath = "";
			projectRoot = "";
			targets = (
				78D8088C281E2ECF0088E22E /* TestLifeCycle */,
				78D808A2281E2ED00088E22E /* TestLifeCycleTests */,
			);
		};
/* End PBXProject section */

/* Begin PBXResourcesBuildPhase section */
		78D8088B281E2ECF0088E22E /* Resources */ = {
			isa = PBXResourcesBuildPhase;
			buildActionMask = 2147483647;
			files = (
				78D8089D281E2ED00088E22E /* LaunchScreen.storyboard in Resources */,
				78D8089A281E2ED00088E22E /* Assets.xcassets in Resources */,
				78D80898281E2ECF0088E22E /* Main.storyboard in Resources */,
			);
			runOnlyForDeploymentPostprocessing = 0;
		};
		78D808A1281E2ED00088E22E /* Resources */ = {
			isa = PBXResourcesBuildPhase;
			buildActionMask = 2147483647;
			files = (
			);
			runOnlyForDeploymentPostprocessing = 0;
		};
/* End PBXResourcesBuildPhase section */

/* Begin PBXSourcesBuildPhase section */
		78D80889281E2ECF0088E22E /* Sources */ = {
			isa = PBXSourcesBuildPhase;
			buildActionMask = 2147483647;
			files = (
				78D808C1281E2F460088E22E /* MyClass.swift in Sources */,
				78D80895281E2ECF0088E22E /* ViewController.swift in Sources */,
				78D80891281E2ECF0088E22E /* AppDelegate.swift in Sources */,
				78D80893281E2ECF0088E22E /* SceneDelegate.swift in Sources */,
			);
			runOnlyForDeploymentPostprocessing = 0;
		};
		78D8089F281E2ED00088E22E /* Sources */ = {
			isa = PBXSourcesBuildPhase;
			buildActionMask = 2147483647;
			files = (
				78D808C3281E301F0088E22E /* MyClassTests.swift in Sources */,
			);
			runOnlyForDeploymentPostprocessing = 0;
		};
/* End PBXSourcesBuildPhase section */

/* Begin PBXTargetDependency section */
		78D808A5281E2ED00088E22E /* PBXTargetDependency */ = {
			isa = PBXTargetDependency;
			target = 78D8088C281E2ECF0088E22E /* TestLifeCycle */;
			targetProxy = 78D808A4281E2ED00088E22E /* PBXContainerItemProxy */;
		};
/* End PBXTargetDependency section */

/* Begin PBXVariantGroup section */
		78D80896281E2ECF0088E22E /* Main.storyboard */ = {
			isa = PBXVariantGroup;
			children = (
				78D80897281E2ECF0088E22E /* Base */,
			);
			name = Main.storyboard;
			sourceTree = "<group>";
		};
		78D8089B281E2ED00088E22E /* LaunchScreen.storyboard */ = {
			isa = PBXVariantGroup;
			children = (
				78D8089C281E2ED00088E22E /* Base */,
			);
			name = LaunchScreen.storyboard;
			sourceTree = "<group>";
		};
/* End PBXVariantGroup section */

/* Begin XCBuildConfiguration section */
		78D808B5281E2ED00088E22E /* Debug */ = {
			isa = XCBuildConfiguration;
			buildSettings = {
				ALWAYS_SEARCH_USER_PATHS = NO;
				CLANG_ANALYZER_NONNULL = YES;
				CLANG_ANALYZER_NUMBER_OBJECT_CONVERSION = YES_AGGRESSIVE;
				CLANG_CXX_LANGUAGE_STANDARD = "gnu++17";
				CLANG_ENABLE_MODULES = YES;
				CLANG_ENABLE_OBJC_ARC = YES;
				CLANG_ENABLE_OBJC_WEAK = YES;
				CLANG_WARN_BLOCK_CAPTURE_AUTORELEASING = YES;
				CLANG_WARN_BOOL_CONVERSION = YES;
				CLANG_WARN_COMMA = YES;
				CLANG_WARN_CONSTANT_CONVERSION = YES;
				CLANG_WARN_DEPRECATED_OBJC_IMPLEMENTATIONS = YES;
				CLANG_WARN_DIRECT_OBJC_ISA_USAGE = YES_ERROR;
				CLANG_WARN_DOCUMENTATION_COMMENTS = YES;
				CLANG_WARN_EMPTY_BODY = YES;
				CLANG_WARN_ENUM_CONVERSION = YES;
				CLANG_WARN_INFINITE_RECURSION = YES;
				CLANG_WARN_INT_CONVERSION = YES;
				CLANG_WARN_NON_LITERAL_NULL_CONVERSION = YES;
				CLANG_WARN_OBJC_IMPLICIT_RETAIN_SELF = YES;
				CLANG_WARN_OBJC_LITERAL_CONVERSION = YES;
				CLANG_WARN_OBJC_ROOT_CLASS = YES_ERROR;
				CLANG_WARN_QUOTED_INCLUDE_IN_FRAMEWORK_HEADER = YES;
				CLANG_WARN_RANGE_LOOP_ANALYSIS = YES;
				CLANG_WARN_STRICT_PROTOTYPES = YES;
				CLANG_WARN_SUSPICIOUS_MOVE = YES;
				CLANG_WARN_UNGUARDED_AVAILABILITY = YES_AGGRESSIVE;
				CLANG_WARN_UNREACHABLE_CODE = YES;
				CLANG_WARN__DUPLICATE_METHOD_MATCH = YES;
				COPY_PHASE_STRIP = NO;
				DEBUG_INFORMATION_FORMAT = dwarf;
				ENABLE_STRICT_OBJC_MSGSEND = YES;
				ENABLE_TESTABILITY = YES;
				GCC_C_LANGUAGE_STANDARD = gnu11;
				GCC_DYNAMIC_NO_PIC = NO;
				GCC_NO_COMMON_BLOCKS = YES;
				GCC_OPTIMIZATION_LEVEL = 0;
				GCC_PREPROCESSOR_DEFINITIONS = (
					"DEBUG=1",
					"$(inherited)",
				);
				GCC_WARN_64_TO_32_BIT_CONVERSION = YES;
				GCC_WARN_ABOUT_RETURN_TYPE = YES_ERROR;
				GCC_WARN_UNDECLARED_SELECTOR = YES;
				GCC_WARN_UNINITIALIZED_AUTOS = YES_AGGRESSIVE;
				GCC_WARN_UNUSED_FUNCTION = YES;
				GCC_WARN_UNUSED_VARIABLE = YES;
				IPHONEOS_DEPLOYMENT_TARGET = 15.4;
				MTL_ENABLE_DEBUG_INFO = INCLUDE_SOURCE;
				MTL_FAST_MATH = YES;
				ONLY_ACTIVE_ARCH = YES;
				SDKROOT = iphoneos;
				SWIFT_ACTIVE_COMPILATION_CONDITIONS = DEBUG;
				SWIFT_OPTIMIZATION_LEVEL = "-Onone";
			};
			name = Debug;
		};
		78D808B6281E2ED00088E22E /* Release */ = {
			isa = XCBuildConfiguration;
			buildSettings = {
				ALWAYS_SEARCH_USER_PATHS = NO;
				CLANG_ANALYZER_NONNULL = YES;
				CLANG_ANALYZER_NUMBER_OBJECT_CONVERSION = YES_AGGRESSIVE;
				CLANG_CXX_LANGUAGE_STANDARD = "gnu++17";
				CLANG_ENABLE_MODULES = YES;
				CLANG_ENABLE_OBJC_ARC = YES;
				CLANG_ENABLE_OBJC_WEAK = YES;
				CLANG_WARN_BLOCK_CAPTURE_AUTORELEASING = YES;
				CLANG_WARN_BOOL_CONVERSION = YES;
				CLANG_WARN_COMMA = YES;
				CLANG_WARN_CONSTANT_CONVERSION = YES;
				CLANG_WARN_DEPRECATED_OBJC_IMPLEMENTATIONS = YES;
				CLANG_WARN_DIRECT_OBJC_ISA_USAGE = YES_ERROR;
				CLANG_WARN_DOCUMENTATION_COMMENTS = YES;
				CLANG_WARN_EMPTY_BODY = YES;
				CLANG_WARN_ENUM_CONVERSION = YES;
				CLANG_WARN_INFINITE_RECURSION = YES;
				CLANG_WARN_INT_CONVERSION = YES;
				CLANG_WARN_NON_LITERAL_NULL_CONVERSION = YES;
				CLANG_WARN_OBJC_IMPLICIT_RETAIN_SELF = YES;
				CLANG_WARN_OBJC_LITERAL_CONVERSION = YES;
				CLANG_WARN_OBJC_ROOT_CLASS = YES_ERROR;
				CLANG_WARN_QUOTED_INCLUDE_IN_FRAMEWORK_HEADER = YES;
				CLANG_WARN_RANGE_LOOP_ANALYSIS = YES;
				CLANG_WARN_STRICT_PROTOTYPES = YES;
				CLANG_WARN_SUSPICIOUS_MOVE = YES;
				CLANG_WARN_UNGUARDED_AVAILABILITY = YES_AGGRESSIVE;
				CLANG_WARN_UNREACHABLE_CODE = YES;
				CLANG_WARN__DUPLICATE_METHOD_MATCH = YES;
				COPY_PHASE_STRIP = NO;
				DEBUG_INFORMATION_FORMAT = "dwarf-with-dsym";
				ENABLE_NS_ASSERTIONS = NO;
				ENABLE_STRICT_OBJC_MSGSEND = YES;
				GCC_C_LANGUAGE_STANDARD = gnu11;
				GCC_NO_COMMON_BLOCKS = YES;
				GCC_WARN_64_TO_32_BIT_CONVERSION = YES;
				GCC_WARN_ABOUT_RETURN_TYPE = YES_ERROR;
				GCC_WARN_UNDECLARED_SELECTOR = YES;
				GCC_WARN_UNINITIALIZED_AUTOS = YES_AGGRESSIVE;
				GCC_WARN_UNUSED_FUNCTION = YES;
				GCC_WARN_UNUSED_VARIABLE = YES;
				IPHONEOS_DEPLOYMENT_TARGET = 15.4;
				MTL_ENABLE_DEBUG_INFO = NO;
				MTL_FAST_MATH = YES;
				SDKROOT = iphoneos;
				SWIFT_COMPILATION_MODE = wholemodule;
				SWIFT_OPTIMIZATION_LEVEL = "-O";
				VALIDATE_PRODUCT = YES;
			};
			name = Release;
		};
		78D808B8281E2ED00088E22E /* Debug */ = {
			isa = XCBuildConfiguration;
			buildSettings = {
				ASSETCATALOG_COMPILER_APPICON_NAME = AppIcon;
				ASSETCATALOG_COMPILER_GLOBAL_ACCENT_COLOR_NAME = AccentColor;
				CODE_SIGN_STYLE = Automatic;
				CURRENT_PROJECT_VERSION = 1;
				DEVELOPMENT_TEAM = 97BD48DZC7;
				GENERATE_INFOPLIST_FILE = YES;
				INFOPLIST_FILE = TestLifeCycle/Info.plist;
				INFOPLIST_KEY_UIApplicationSupportsIndirectInputEvents = YES;
				INFOPLIST_KEY_UILaunchStoryboardName = LaunchScreen;
				INFOPLIST_KEY_UIMainStoryboardFile = Main;
				INFOPLIST_KEY_UISupportedInterfaceOrientations_iPad = "UIInterfaceOrientationPortrait UIInterfaceOrientationPortraitUpsideDown UIInterfaceOrientationLandscapeLeft UIInterfaceOrientationLandscapeRight";
				INFOPLIST_KEY_UISupportedInterfaceOrientations_iPhone = "UIInterfaceOrientationPortrait UIInterfaceOrientationLandscapeLeft UIInterfaceOrientationLandscapeRight";
				LD_RUNPATH_SEARCH_PATHS = (
					"$(inherited)",
					"@executable_path/Frameworks",
				);
				MARKETING_VERSION = 1.0;
				PRODUCT_BUNDLE_IDENTIFIER = tw.com.BruceHuang.TestLifeCycle;
				PRODUCT_NAME = "$(TARGET_NAME)";
				SWIFT_EMIT_LOC_STRINGS = YES;
				SWIFT_VERSION = 5.0;
				TARGETED_DEVICE_FAMILY = "1,2";
			};
			name = Debug;
		};
		78D808B9281E2ED00088E22E /* Release */ = {
			isa = XCBuildConfiguration;
			buildSettings = {
				ASSETCATALOG_COMPILER_APPICON_NAME = AppIcon;
				ASSETCATALOG_COMPILER_GLOBAL_ACCENT_COLOR_NAME = AccentColor;
				CODE_SIGN_STYLE = Automatic;
				CURRENT_PROJECT_VERSION = 1;
				DEVELOPMENT_TEAM = 97BD48DZC7;
				GENERATE_INFOPLIST_FILE = YES;
				INFOPLIST_FILE = TestLifeCycle/Info.plist;
				INFOPLIST_KEY_UIApplicationSupportsIndirectInputEvents = YES;
				INFOPLIST_KEY_UILaunchStoryboardName = LaunchScreen;
				INFOPLIST_KEY_UIMainStoryboardFile = Main;
				INFOPLIST_KEY_UISupportedInterfaceOrientations_iPad = "UIInterfaceOrientationPortrait UIInterfaceOrientationPortraitUpsideDown UIInterfaceOrientationLandscapeLeft UIInterfaceOrientationLandscapeRight";
				INFOPLIST_KEY_UISupportedInterfaceOrientations_iPhone = "UIInterfaceOrientationPortrait UIInterfaceOrientationLandscapeLeft UIInterfaceOrientationLandscapeRight";
				LD_RUNPATH_SEARCH_PATHS = (
					"$(inherited)",
					"@executable_path/Frameworks",
				);
				MARKETING_VERSION = 1.0;
				PRODUCT_BUNDLE_IDENTIFIER = tw.com.BruceHuang.TestLifeCycle;
				PRODUCT_NAME = "$(TARGET_NAME)";
				SWIFT_EMIT_LOC_STRINGS = YES;
				SWIFT_VERSION = 5.0;
				TARGETED_DEVICE_FAMILY = "1,2";
			};
			name = Release;
		};
		78D808BB281E2ED00088E22E /* Debug */ = {
			isa = XCBuildConfiguration;
			buildSettings = {
				ALWAYS_EMBED_SWIFT_STANDARD_LIBRARIES = YES;
				BUNDLE_LOADER = "$(TEST_HOST)";
				CLANG_ENABLE_MODULES = YES;
				CODE_SIGN_STYLE = Automatic;
				CURRENT_PROJECT_VERSION = 1;
				DEVELOPMENT_TEAM = 97BD48DZC7;
				GENERATE_INFOPLIST_FILE = YES;
				IPHONEOS_DEPLOYMENT_TARGET = 15.4;
				LD_RUNPATH_SEARCH_PATHS = (
					"$(inherited)",
					"@executable_path/Frameworks",
					"@loader_path/Frameworks",
				);
				MARKETING_VERSION = 1.0;
				PRODUCT_BUNDLE_IDENTIFIER = tw.com.BruceHuang.TestLifeCycleTests;
				PRODUCT_NAME = "$(TARGET_NAME)";
				SWIFT_EMIT_LOC_STRINGS = NO;
				SWIFT_OPTIMIZATION_LEVEL = "-Onone";
				SWIFT_VERSION = 5.0;
				TARGETED_DEVICE_FAMILY = "1,2";
				TEST_HOST = "$(BUILT_PRODUCTS_DIR)/TestLifeCycle.app/TestLifeCycle";
			};
			name = Debug;
		};
		78D808BC281E2ED00088E22E /* Release */ = {
			isa = XCBuildConfiguration;
			buildSettings = {
				ALWAYS_EMBED_SWIFT_STANDARD_LIBRARIES = YES;
				BUNDLE_LOADER = "$(TEST_HOST)";
				CLANG_ENABLE_MODULES = YES;
				CODE_SIGN_STYLE = Automatic;
				CURRENT_PROJECT_VERSION = 1;
				DEVELOPMENT_TEAM = 97BD48DZC7;
				GENERATE_INFOPLIST_FILE = YES;
				IPHONEOS_DEPLOYMENT_TARGET = 15.4;
				LD_RUNPATH_SEARCH_PATHS = (
					"$(inherited)",
					"@executable_path/Frameworks",
					"@loader_path/Frameworks",
				);
				MARKETING_VERSION = 1.0;
				PRODUCT_BUNDLE_IDENTIFIER = tw.com.BruceHuang.TestLifeCycleTests;
				PRODUCT_NAME = "$(TARGET_NAME)";
				SWIFT_EMIT_LOC_STRINGS = NO;
				SWIFT_VERSION = 5.0;
				TARGETED_DEVICE_FAMILY = "1,2";
				TEST_HOST = "$(BUILT_PRODUCTS_DIR)/TestLifeCycle.app/TestLifeCycle";
			};
			name = Release;
		};
/* End XCBuildConfiguration section */

/* Begin XCConfigurationList section */
		78D80888281E2ECF0088E22E /* Build configuration list for PBXProject "TestLifeCycle" */ = {
			isa = XCConfigurationList;
			buildConfigurations = (
				78D808B5281E2ED00088E22E /* Debug */,
				78D808B6281E2ED00088E22E /* Release */,
			);
			defaultConfigurationIsVisible = 0;
			defaultConfigurationName = Release;
		};
		78D808B7281E2ED00088E22E /* Build configuration list for PBXNativeTarget "TestLifeCycle" */ = {
			isa = XCConfigurationList;
			buildConfigurations = (
				78D808B8281E2ED00088E22E /* Debug */,
				78D808B9281E2ED00088E22E /* Release */,
			);
			defaultConfigurationIsVisible = 0;
			defaultConfigurationName = Release;
		};
		78D808BA281E2ED00088E22E /* Build configuration list for PBXNativeTarget "TestLifeCycleTests" */ = {
			isa = XCConfigurationList;
			buildConfigurations = (
				78D808BB281E2ED00088E22E /* Debug */,
				78D808BC281E2ED00088E22E /* Release */,
			);
			defaultConfigurationIsVisible = 0;
			defaultConfigurationName = Release;
		};
/* End XCConfigurationList section */
	};
	rootObject = 78D80885281E2ECF0088E22E /* Project object */;
}
